{
  "version": 4,
  "terraform_version": "1.6.6",
  "serial": 5,
  "lineage": "c0d3d7f8-d94a-80b1-bb01-792bce95bf15",
  "outputs": {},
  "resources": [
    {
      "mode": "managed",
      "type": "azurerm_resource_group",
      "name": "Projet-Cloud",
      "provider": "provider[\"registry.terraform.io/hashicorp/azurerm\"]",
      "instances": [
        {
          "schema_version": 0,
          "attributes": {
            "id": "/subscriptions/d18efcbe-caa9-4004-ac2c-7312261e11de/resourceGroups/Projet-Cloud",
            "location": "francecentral",
            "managed_by": "",
            "name": "Projet-Cloud",
            "tags": null,
            "timeouts": null
          },
          "sensitive_attributes": [],
          "private": "eyJlMmJmYjczMC1lY2FhLTExZTYtOGY4OC0zNDM2M2JjN2M0YzAiOnsiY3JlYXRlIjo1NDAwMDAwMDAwMDAwLCJkZWxldGUiOjU0MDAwMDAwMDAwMDAsInJlYWQiOjMwMDAwMDAwMDAwMCwidXBkYXRlIjo1NDAwMDAwMDAwMDAwfX0="
        }
      ]
    },
    {
      "mode": "managed",
      "type": "azurerm_service_plan",
      "name": "plan-Cloud",
      "provider": "provider[\"registry.terraform.io/hashicorp/azurerm\"]",
      "instances": [
        {
          "schema_version": 0,
          "attributes": {
            "app_service_environment_id": "",
            "id": "/subscriptions/d18efcbe-caa9-4004-ac2c-7312261e11de/resourceGroups/Projet-Cloud/providers/Microsoft.Web/serverfarms/plan-Cloud",
            "kind": "app",
            "location": "francecentral",
            "maximum_elastic_worker_count": 1,
            "name": "plan-Cloud",
            "os_type": "Windows",
            "per_site_scaling_enabled": false,
            "reserved": false,
            "resource_group_name": "Projet-Cloud",
            "sku_name": "B1",
            "tags": null,
            "timeouts": null,
            "worker_count": 1,
            "zone_balancing_enabled": false
          },
          "sensitive_attributes": [],
          "private": "eyJlMmJmYjczMC1lY2FhLTExZTYtOGY4OC0zNDM2M2JjN2M0YzAiOnsiY3JlYXRlIjozNjAwMDAwMDAwMDAwLCJkZWxldGUiOjM2MDAwMDAwMDAwMDAsInJlYWQiOjMwMDAwMDAwMDAwMCwidXBkYXRlIjozNjAwMDAwMDAwMDAwfX0=",
          "dependencies": [
            "azurerm_resource_group.Projet-Cloud"
          ]
        }
      ]
    },
    {
      "mode": "managed",
      "type": "azurerm_windows_web_app",
      "name": "web-cloud",
      "provider": "provider[\"registry.terraform.io/hashicorp/azurerm\"]",
      "instances": [
        {
          "schema_version": 0,
          "attributes": {
            "app_settings": {
              "WEBSITE_RUN_FROM_PACKAGE": "1",
              "WEBSITE_USE_ZIP": "0"
            },
            "auth_settings": [],
            "auth_settings_v2": [],
            "backup": [],
            "client_affinity_enabled": false,
            "client_certificate_enabled": false,
            "client_certificate_exclusion_paths": "",
            "client_certificate_mode": "Required",
            "connection_string": [],
            "custom_domain_verification_id": "1C4C13A55631791FC1D540E72C1196B40C77B0D8B77B0F0320CE4EABFA7EDE09",
            "default_hostname": "web-cloud.azurewebsites.net",
            "enabled": true,
            "ftp_publish_basic_authentication_enabled": true,
            "hosting_environment_id": "",
            "https_only": false,
            "id": "/subscriptions/d18efcbe-caa9-4004-ac2c-7312261e11de/resourceGroups/Projet-Cloud/providers/Microsoft.Web/sites/web-cloud",
            "identity": [],
            "key_vault_reference_identity_id": "SystemAssigned",
            "kind": "app",
            "location": "francecentral",
            "logs": [],
            "name": "web-cloud",
            "outbound_ip_address_list": [
              "51.11.234.14",
              "51.11.235.103",
              "51.11.236.195",
              "51.11.237.97",
              "51.11.237.231",
              "51.11.238.40",
              "20.43.43.33"
            ],
            "outbound_ip_addresses": "51.11.234.14,51.11.235.103,51.11.236.195,51.11.237.97,51.11.237.231,51.11.238.40,20.43.43.33",
            "possible_outbound_ip_address_list": [
              "51.11.234.14",
              "51.11.235.103",
              "51.11.236.195",
              "51.11.237.97",
              "51.11.237.231",
              "51.11.238.40",
              "51.11.238.47",
              "51.11.238.176",
              "51.11.238.204",
              "51.11.238.255",
              "51.11.239.9",
              "51.11.239.36",
              "51.11.239.40",
              "51.11.200.72",
              "51.11.200.124",
              "51.11.236.220",
              "51.11.236.221",
              "51.11.237.48",
              "51.11.237.217",
              "51.11.238.18",
              "51.11.238.19",
              "51.11.238.38",
              "51.11.238.39",
              "51.11.238.56",
              "51.11.238.57",
              "51.11.238.60",
              "51.11.238.61",
              "20.74.24.206",
              "20.74.24.218",
              "20.74.25.13",
              "20.43.43.33"
            ],
            "possible_outbound_ip_addresses": "51.11.234.14,51.11.235.103,51.11.236.195,51.11.237.97,51.11.237.231,51.11.238.40,51.11.238.47,51.11.238.176,51.11.238.204,51.11.238.255,51.11.239.9,51.11.239.36,51.11.239.40,51.11.200.72,51.11.200.124,51.11.236.220,51.11.236.221,51.11.237.48,51.11.237.217,51.11.238.18,51.11.238.19,51.11.238.38,51.11.238.39,51.11.238.56,51.11.238.57,51.11.238.60,51.11.238.61,20.74.24.206,20.74.24.218,20.74.25.13,20.43.43.33",
            "public_network_access_enabled": true,
            "resource_group_name": "Projet-Cloud",
            "service_plan_id": "/subscriptions/d18efcbe-caa9-4004-ac2c-7312261e11de/resourceGroups/Projet-Cloud/providers/Microsoft.Web/serverfarms/plan-Cloud",
            "site_config": [
              {
                "always_on": true,
                "api_definition_url": "",
                "api_management_api_id": "",
                "app_command_line": "",
                "application_stack": [
                  {
                    "current_stack": "",
                    "docker_container_name": "",
                    "docker_container_registry": "",
                    "docker_container_tag": "",
                    "docker_image_name": "",
                    "docker_registry_password": "",
                    "docker_registry_url": "",
                    "docker_registry_username": "",
                    "dotnet_core_version": "",
                    "dotnet_version": "v4.0",
                    "java_container": "",
                    "java_container_version": "",
                    "java_embedded_server_enabled": false,
                    "java_version": "",
                    "node_version": "14.17.6",
                    "php_version": "5.6",
                    "python": false,
                    "python_version": "",
                    "tomcat_version": ""
                  }
                ],
                "auto_heal_enabled": false,
                "auto_heal_setting": [],
                "container_registry_managed_identity_client_id": "",
                "container_registry_use_managed_identity": false,
                "cors": [],
                "default_documents": [
                  "Default.htm",
                  "Default.html",
                  "Default.asp",
                  "index.htm",
                  "index.html",
                  "iisstart.htm",
                  "default.aspx",
                  "index.php",
                  "hostingstart.html"
                ],
                "detailed_error_logging_enabled": false,
                "ftps_state": "Disabled",
                "health_check_eviction_time_in_min": 0,
                "health_check_path": "",
                "http2_enabled": false,
                "ip_restriction": [],
                "linux_fx_version": "",
                "load_balancing_mode": "LeastRequests",
                "local_mysql_enabled": false,
                "managed_pipeline_mode": "Integrated",
                "minimum_tls_version": "1.2",
                "remote_debugging_enabled": false,
                "remote_debugging_version": "VS2019",
                "scm_ip_restriction": [],
                "scm_minimum_tls_version": "1.2",
                "scm_type": "None",
                "scm_use_main_ip_restriction": false,
                "use_32_bit_worker": true,
                "virtual_application": [],
                "vnet_route_all_enabled": false,
                "websockets_enabled": false,
                "windows_fx_version": "",
                "worker_count": 1
              }
            ],
            "site_credential": [
              {
                "name": "$web-cloud",
                "password": "cNYXpN8J8cdv4nk38FuEk6qyD2GthA9a9n1R39ZyMhWukTZ8cdluXij5jTj7"
              }
            ],
            "sticky_settings": [],
            "storage_account": [],
            "tags": null,
            "timeouts": null,
            "virtual_network_subnet_id": "",
            "webdeploy_publish_basic_authentication_enabled": true,
            "zip_deploy_file": ""
          },
          "sensitive_attributes": [],
          "private": "eyJlMmJmYjczMC1lY2FhLTExZTYtOGY4OC0zNDM2M2JjN2M0YzAiOnsiY3JlYXRlIjoxODAwMDAwMDAwMDAwLCJkZWxldGUiOjE4MDAwMDAwMDAwMDAsInJlYWQiOjMwMDAwMDAwMDAwMCwidXBkYXRlIjoxODAwMDAwMDAwMDAwfX0=",
          "dependencies": [
            "azurerm_resource_group.Projet-Cloud",
            "azurerm_service_plan.plan-Cloud"
          ]
        }
      ]
    }
  ],
  "check_results": null
}
